
Microsoft Visual Studio Solution File, Format Version 12.00
# Visual Studio Version 16
VisualStudioVersion = 16.0.29613.14
MinimumVisualStudioVersion = 10.0.40219.1
Project("{FAE04EC0-301F-11D3-BF4B-00C04F79EFBC}") = "ProcessX", "src\ProcessX\ProcessX.csproj", "{7C485BF1-5E74-4638-9179-0F535E3F4DE1}"
EndProject
Project("{FAE04EC0-301F-11D3-BF4B-00C04F79EFBC}") = "ProcessX.Tests", "tests\ProcessX.Tests\ProcessX.Tests.csproj", "{F4E6B8E8-9F69-445C-823B-A594AB23599E}"
EndProject
Project("{FAE04EC0-301F-11D3-BF4B-00C04F79EFBC}") = "ConsoleApp", "sandbox\ConsoleApp\ConsoleApp.csproj", "{FF47BCEA-0910-4A16-B7F7-1F92498085A8}"
EndProject
Project("{2150E333-8FDC-42A3-9474-1A3956D46DE8}") = "sandbox", "sandbox", "{E867683A-4F47-421A-B666-53178446B942}"
EndProject
Project("{2150E333-8FDC-42A3-9474-1A3956D46DE8}") = "src", "src", "{3651D11A-EAA0-4489-8982-B0B64C758EF4}"
EndProject
Project("{2150E333-8FDC-42A3-9474-1A3956D46DE8}") = "tests", "tests", "{737CE3B1-18AD-4A89-9EA7-1EE2ACB931DD}"
EndProject
Global
	GlobalSection(SolutionConfigurationPlatforms) = preSolution
		Debug|Any CPU = Debug|Any CPU
		Release|Any CPU = Release|Any CPU
	EndGlobalSection
	GlobalSection(ProjectConfigurationPlatforms) = postSolution
		{7C485BF1-5E74-4638-9179-0F535E3F4DE1}.Debug|Any CPU.ActiveCfg = Debug|Any CPU
		{7C485BF1-5E74-4638-9179-0F535E3F4DE1}.Debug|Any CPU.Build.0 = Debug|Any CPU
		{7C485BF1-5E74-4638-9179-0F535E3F4DE1}.Release|Any CPU.ActiveCfg = Release|Any CPU
		{7C485BF1-5E74-4638-9179-0F535E3F4DE1}.Release|Any CPU.Build.0 = Release|Any CPU
		{F4E6B8E8-9F69-445C-823B-A594AB23599E}.Debug|Any CPU.ActiveCfg = Debug|Any CPU
		{F4E6B8E8-9F69-445C-823B-A594AB23599E}.Debug|Any CPU.Build.0 = Debug|Any CPU
		{F4E6B8E8-9F69-445C-823B-A594AB23599E}.Release|Any CPU.ActiveCfg = Release|Any CPU
		{F4E6B8E8-9F69-445C-823B-A594AB23599E}.Release|Any CPU.Build.0 = Release|Any CPU
		{FF47BCEA-0910-4A16-B7F7-1F92498085A8}.Debug|Any CPU.ActiveCfg = Debug|Any CPU
		{FF47BCEA-0910-4A16-B7F7-1F92498085A8}.Debug|Any CPU.Build.0 = Debug|Any CPU
		{FF47BCEA-0910-4A16-B7F7-1F92498085A8}.Release|Any CPU.ActiveCfg = Release|Any CPU
		{FF47BCEA-0910-4A16-B7F7-1F92498085A8}.Release|Any CPU.Build.0 = Release|Any CPU
	EndGlobalSection
	GlobalSection(SolutionProperties) = preSolution
		HideSolutionNode = FALSE
	EndGlobalSection
	GlobalSection(NestedProjects) = preSolution
		{7C485BF1-5E74-4638-9179-0F535E3F4DE1} = {3651D11A-EAA0-4489-8982-B0B64C758EF4}
		{F4E6B8E8-9F69-445C-823B-A594AB23599E} = {737CE3B1-18AD-4A89-9EA7-1EE2ACB931DD}
		{FF47BCEA-0910-4A16-B7F7-1F92498085A8} = {E867683A-4F47-421A-B666-53178446B942}
	EndGlobalSection
	GlobalSection(ExtensibilityGlobals) = postSolution
		SolutionGuid = {C5585A8D-24C7-479E-8B7F-1017D80E2214}
	EndGlobalSection
EndGlobal
